
Microsoft Visual Studio Solution File, Format Version 12.00
# Visual Studio Version 17
VisualStudioVersion = 17.1.32228.430
MinimumVisualStudioVersion = 10.0.40219.1
Project("{9A19103F-16F7-4668-BE54-9A1E7A4F7556}") = "Bytewizer.Huxley.WebUI", "Bytewizer.Huxley.WebUI\Bytewizer.Huxley.WebUI.csproj", "{DFEA1128-3E46-432F-8BF5-51129B31F3A7}"
EndProject
Global
	GlobalSection(SolutionConfigurationPlatforms) = preSolution
		Debug|Any CPU = Debug|Any CPU
		Release|Any CPU = Release|Any CPU
	EndGlobalSection
	GlobalSection(ProjectConfigurationPlatforms) = postSolution
		{DFEA1128-3E46-432F-8BF5-51129B31F3A7}.Debug|Any CPU.ActiveCfg = Debug|Any CPU
		{DFEA1128-3E46-432F-8BF5-51129B31F3A7}.Debug|Any CPU.Build.0 = Debug|Any CPU
		{DFEA1128-3E46-432F-8BF5-51129B31F3A7}.Release|Any CPU.ActiveCfg = Release|Any CPU
		{DFEA1128-3E46-432F-8BF5-51129B31F3A7}.Release|Any CPU.Build.0 = Release|Any CPU
	EndGlobalSection
	GlobalSection(SolutionProperties) = preSolution
		HideSolutionNode = FALSE
	EndGlobalSection
	GlobalSection(ExtensibilityGlobals) = postSolution
		SolutionGuid = {589F0A00-FE55-4960-8850-1D26B5305FA7}
	EndGlobalSection
EndGlobal
